
Microsoft Visual Studio Solution File, Format Version 12.00
# Visual Studio Version 16
VisualStudioVersion = 16.0.30114.105
MinimumVisualStudioVersion = 10.0.40219.1
Project("{2150E333-8FDC-42A3-9474-1A3956D46DE8}") = "Accounting", "Accounting", "{5C4B440F-0D81-4859-B52E-0B38386D895B}"
EndProject
Project("{2150E333-8FDC-42A3-9474-1A3956D46DE8}") = "Identity", "Identity", "{075244CB-3D1C-4E7B-AB2A-1AB3EEBB55CD}"
EndProject
Project("{2150E333-8FDC-42A3-9474-1A3956D46DE8}") = "Party", "Party", "{8A58421D-A873-4F03-AA88-4128F3FD0533}"
EndProject
Project("{2150E333-8FDC-42A3-9474-1A3956D46DE8}") = "Pos", "Pos", "{56583EEF-146C-48A9-9E8A-2F3B615DD7DA}"
EndProject
Project("{FAE04EC0-301F-11D3-BF4B-00C04F79EFBC}") = "Accounting", "Accounting\Accounting\Accounting.csproj", "{9A570541-DFB4-46C5-99F3-A1A814D28D54}"
EndProject
Project("{FAE04EC0-301F-11D3-BF4B-00C04F79EFBC}") = "Accounting.Domain", "Accounting\Accounting.Domain\Accounting.Domain.csproj", "{EC36F783-8FE5-4F1E-8BBA-45377F3595CA}"
EndProject
Project("{FAE04EC0-301F-11D3-BF4B-00C04F79EFBC}") = "Accounting.Repository", "Accounting\Accounting.Repository\Accounting.Repository.csproj", "{3815627F-298B-4D26-A93D-9222F5B2B596}"
EndProject
Project("{FAE04EC0-301F-11D3-BF4B-00C04F79EFBC}") = "Accounting.Service", "Accounting\Accounting.Service\Accounting.Service.csproj", "{A23A8E04-109A-468C-A2D3-77C779BC1A8B}"
EndProject
Project("{FAE04EC0-301F-11D3-BF4B-00C04F79EFBC}") = "Identity", "Identity\Identity\Identity.csproj", "{61DD057E-045F-4A47-A1D4-A0B993AE8BA4}"
EndProject
Project("{FAE04EC0-301F-11D3-BF4B-00C04F79EFBC}") = "Identity.Domain", "Identity\Identity.Domain\Identity.Domain.csproj", "{0B0E0A6D-3EAB-4254-8653-1E97FE87DA2A}"
EndProject
Project("{FAE04EC0-301F-11D3-BF4B-00C04F79EFBC}") = "Identity.Repository", "Identity\Identity.Repository\Identity.Repository.csproj", "{27BACF45-2E4E-4C8A-93AF-BDE477AC9327}"
EndProject
Project("{FAE04EC0-301F-11D3-BF4B-00C04F79EFBC}") = "Identity.Service", "Identity\Identity.Service\Identity.Service.csproj", "{2460B706-56C6-4F43-8922-DE8DE382F454}"
EndProject
Project("{FAE04EC0-301F-11D3-BF4B-00C04F79EFBC}") = "Party", "Party\Party\Party.csproj", "{92051B1F-7A58-474C-8D07-0CBD1ADB4E77}"
EndProject
Project("{FAE04EC0-301F-11D3-BF4B-00C04F79EFBC}") = "Party.Domain", "Party\Party.Domain\Party.Domain.csproj", "{374F8BFF-3F72-4C14-A8EE-FCD7C3BEFB55}"
EndProject
Project("{FAE04EC0-301F-11D3-BF4B-00C04F79EFBC}") = "Party.Repository", "Party\Party.Repository\Party.Repository.csproj", "{90635940-A449-42AC-9476-6E14DA989CB9}"
EndProject
Project("{FAE04EC0-301F-11D3-BF4B-00C04F79EFBC}") = "Party.Service", "Party\Party.Service\Party.Service.csproj", "{AEA7D5D8-C8C4-41CC-A182-19C86986F986}"
EndProject
Project("{FAE04EC0-301F-11D3-BF4B-00C04F79EFBC}") = "Pos", "Pos\Pos\Pos.csproj", "{8364EDC8-9243-457E-BF2F-96DBB03F3203}"
EndProject
Project("{2150E333-8FDC-42A3-9474-1A3956D46DE8}") = "Wallet", "Wallet", "{17EC5C08-5BA9-4C6F-B89C-C00F05A7C12E}"
EndProject
Project("{FAE04EC0-301F-11D3-BF4B-00C04F79EFBC}") = "Pos.Domin", "Pos\Pos.Domin\Pos.Domin.csproj", "{8A187A67-4EFD-490E-9945-D6FB8F3611A0}"
EndProject
Project("{FAE04EC0-301F-11D3-BF4B-00C04F79EFBC}") = "Pos.Repository", "Pos\Pos.Repository\Pos.Repository.csproj", "{032E74AA-79B6-4B14-808D-B32A2AECB448}"
EndProject
Project("{FAE04EC0-301F-11D3-BF4B-00C04F79EFBC}") = "Pos.Service", "Pos\Pos.Service\Pos.Service.csproj", "{ACAF8435-02E2-4435-B092-6927F8D9D5AA}"
EndProject
Project("{FAE04EC0-301F-11D3-BF4B-00C04F79EFBC}") = "Wallet", "Wallet\Wallet\Wallet.csproj", "{85BD53F8-BA92-414B-A851-979A8B82301B}"
EndProject
Project("{FAE04EC0-301F-11D3-BF4B-00C04F79EFBC}") = "Wallet.Domain", "Wallet\Wallet.Domain\Wallet.Domain.csproj", "{877E4BDC-CD80-4BAC-A56B-B660AB782509}"
EndProject
Project("{FAE04EC0-301F-11D3-BF4B-00C04F79EFBC}") = "Wallet.Repository", "Wallet\Wallet.Repository\Wallet.Repository.csproj", "{DA3AB006-A47C-4482-9C03-35F49CB4508E}"
EndProject
Project("{FAE04EC0-301F-11D3-BF4B-00C04F79EFBC}") = "Wallet.Service", "Wallet\Wallet.Service\Wallet.Service.csproj", "{515A551E-0522-4E7A-9779-DC09B24FB142}"
EndProject
Global
	GlobalSection(SolutionConfigurationPlatforms) = preSolution
		Debug|Any CPU = Debug|Any CPU
		Release|Any CPU = Release|Any CPU
	EndGlobalSection
	GlobalSection(ProjectConfigurationPlatforms) = postSolution
		{9A570541-DFB4-46C5-99F3-A1A814D28D54}.Debug|Any CPU.ActiveCfg = Debug|Any CPU
		{9A570541-DFB4-46C5-99F3-A1A814D28D54}.Debug|Any CPU.Build.0 = Debug|Any CPU
		{9A570541-DFB4-46C5-99F3-A1A814D28D54}.Release|Any CPU.ActiveCfg = Release|Any CPU
		{9A570541-DFB4-46C5-99F3-A1A814D28D54}.Release|Any CPU.Build.0 = Release|Any CPU
		{EC36F783-8FE5-4F1E-8BBA-45377F3595CA}.Debug|Any CPU.ActiveCfg = Debug|Any CPU
		{EC36F783-8FE5-4F1E-8BBA-45377F3595CA}.Debug|Any CPU.Build.0 = Debug|Any CPU
		{EC36F783-8FE5-4F1E-8BBA-45377F3595CA}.Release|Any CPU.ActiveCfg = Release|Any CPU
		{EC36F783-8FE5-4F1E-8BBA-45377F3595CA}.Release|Any CPU.Build.0 = Release|Any CPU
		{3815627F-298B-4D26-A93D-9222F5B2B596}.Debug|Any CPU.ActiveCfg = Debug|Any CPU
		{3815627F-298B-4D26-A93D-9222F5B2B596}.Debug|Any CPU.Build.0 = Debug|Any CPU
		{3815627F-298B-4D26-A93D-9222F5B2B596}.Release|Any CPU.ActiveCfg = Release|Any CPU
		{3815627F-298B-4D26-A93D-9222F5B2B596}.Release|Any CPU.Build.0 = Release|Any CPU
		{A23A8E04-109A-468C-A2D3-77C779BC1A8B}.Debug|Any CPU.ActiveCfg = Debug|Any CPU
		{A23A8E04-109A-468C-A2D3-77C779BC1A8B}.Debug|Any CPU.Build.0 = Debug|Any CPU
		{A23A8E04-109A-468C-A2D3-77C779BC1A8B}.Release|Any CPU.ActiveCfg = Release|Any CPU
		{A23A8E04-109A-468C-A2D3-77C779BC1A8B}.Release|Any CPU.Build.0 = Release|Any CPU
		{61DD057E-045F-4A47-A1D4-A0B993AE8BA4}.Debug|Any CPU.ActiveCfg = Debug|Any CPU
		{61DD057E-045F-4A47-A1D4-A0B993AE8BA4}.Debug|Any CPU.Build.0 = Debug|Any CPU
		{61DD057E-045F-4A47-A1D4-A0B993AE8BA4}.Release|Any CPU.ActiveCfg = Release|Any CPU
		{61DD057E-045F-4A47-A1D4-A0B993AE8BA4}.Release|Any CPU.Build.0 = Release|Any CPU
		{0B0E0A6D-3EAB-4254-8653-1E97FE87DA2A}.Debug|Any CPU.ActiveCfg = Debug|Any CPU
		{0B0E0A6D-3EAB-4254-8653-1E97FE87DA2A}.Debug|Any CPU.Build.0 = Debug|Any CPU
		{0B0E0A6D-3EAB-4254-8653-1E97FE87DA2A}.Release|Any CPU.ActiveCfg = Release|Any CPU
		{0B0E0A6D-3EAB-4254-8653-1E97FE87DA2A}.Release|Any CPU.Build.0 = Release|Any CPU
		{27BACF45-2E4E-4C8A-93AF-BDE477AC9327}.Debug|Any CPU.ActiveCfg = Debug|Any CPU
		{27BACF45-2E4E-4C8A-93AF-BDE477AC9327}.Debug|Any CPU.Build.0 = Debug|Any CPU
		{27BACF45-2E4E-4C8A-93AF-BDE477AC9327}.Release|Any CPU.ActiveCfg = Release|Any CPU
		{27BACF45-2E4E-4C8A-93AF-BDE477AC9327}.Release|Any CPU.Build.0 = Release|Any CPU
		{2460B706-56C6-4F43-8922-DE8DE382F454}.Debug|Any CPU.ActiveCfg = Debug|Any CPU
		{2460B706-56C6-4F43-8922-DE8DE382F454}.Debug|Any CPU.Build.0 = Debug|Any CPU
		{2460B706-56C6-4F43-8922-DE8DE382F454}.Release|Any CPU.ActiveCfg = Release|Any CPU
		{2460B706-56C6-4F43-8922-DE8DE382F454}.Release|Any CPU.Build.0 = Release|Any CPU
		{92051B1F-7A58-474C-8D07-0CBD1ADB4E77}.Debug|Any CPU.ActiveCfg = Debug|Any CPU
		{92051B1F-7A58-474C-8D07-0CBD1ADB4E77}.Debug|Any CPU.Build.0 = Debug|Any CPU
		{92051B1F-7A58-474C-8D07-0CBD1ADB4E77}.Release|Any CPU.ActiveCfg = Release|Any CPU
		{92051B1F-7A58-474C-8D07-0CBD1ADB4E77}.Release|Any CPU.Build.0 = Release|Any CPU
		{374F8BFF-3F72-4C14-A8EE-FCD7C3BEFB55}.Debug|Any CPU.ActiveCfg = Debug|Any CPU
		{374F8BFF-3F72-4C14-A8EE-FCD7C3BEFB55}.Debug|Any CPU.Build.0 = Debug|Any CPU
		{374F8BFF-3F72-4C14-A8EE-FCD7C3BEFB55}.Release|Any CPU.ActiveCfg = Release|Any CPU
		{374F8BFF-3F72-4C14-A8EE-FCD7C3BEFB55}.Release|Any CPU.Build.0 = Release|Any CPU
		{90635940-A449-42AC-9476-6E14DA989CB9}.Debug|Any CPU.ActiveCfg = Debug|Any CPU
		{90635940-A449-42AC-9476-6E14DA989CB9}.Debug|Any CPU.Build.0 = Debug|Any CPU
		{90635940-A449-42AC-9476-6E14DA989CB9}.Release|Any CPU.ActiveCfg = Release|Any CPU
		{90635940-A449-42AC-9476-6E14DA989CB9}.Release|Any CPU.Build.0 = Release|Any CPU
		{AEA7D5D8-C8C4-41CC-A182-19C86986F986}.Debug|Any CPU.ActiveCfg = Debug|Any CPU
		{AEA7D5D8-C8C4-41CC-A182-19C86986F986}.Debug|Any CPU.Build.0 = Debug|Any CPU
		{AEA7D5D8-C8C4-41CC-A182-19C86986F986}.Release|Any CPU.ActiveCfg = Release|Any CPU
		{AEA7D5D8-C8C4-41CC-A182-19C86986F986}.Release|Any CPU.Build.0 = Release|Any CPU
		{8364EDC8-9243-457E-BF2F-96DBB03F3203}.Debug|Any CPU.ActiveCfg = Debug|Any CPU
		{8364EDC8-9243-457E-BF2F-96DBB03F3203}.Debug|Any CPU.Build.0 = Debug|Any CPU
		{8364EDC8-9243-457E-BF2F-96DBB03F3203}.Release|Any CPU.ActiveCfg = Release|Any CPU
		{8364EDC8-9243-457E-BF2F-96DBB03F3203}.Release|Any CPU.Build.0 = Release|Any CPU
		{8A187A67-4EFD-490E-9945-D6FB8F3611A0}.Debug|Any CPU.ActiveCfg = Debug|Any CPU
		{8A187A67-4EFD-490E-9945-D6FB8F3611A0}.Debug|Any CPU.Build.0 = Debug|Any CPU
		{8A187A67-4EFD-490E-9945-D6FB8F3611A0}.Release|Any CPU.ActiveCfg = Release|Any CPU
		{8A187A67-4EFD-490E-9945-D6FB8F3611A0}.Release|Any CPU.Build.0 = Release|Any CPU
		{032E74AA-79B6-4B14-808D-B32A2AECB448}.Debug|Any CPU.ActiveCfg = Debug|Any CPU
		{032E74AA-79B6-4B14-808D-B32A2AECB448}.Debug|Any CPU.Build.0 = Debug|Any CPU
		{032E74AA-79B6-4B14-808D-B32A2AECB448}.Release|Any CPU.ActiveCfg = Release|Any CPU
		{032E74AA-79B6-4B14-808D-B32A2AECB448}.Release|Any CPU.Build.0 = Release|Any CPU
		{ACAF8435-02E2-4435-B092-6927F8D9D5AA}.Debug|Any CPU.ActiveCfg = Debug|Any CPU
		{ACAF8435-02E2-4435-B092-6927F8D9D5AA}.Debug|Any CPU.Build.0 = Debug|Any CPU
		{ACAF8435-02E2-4435-B092-6927F8D9D5AA}.Release|Any CPU.ActiveCfg = Release|Any CPU
		{ACAF8435-02E2-4435-B092-6927F8D9D5AA}.Release|Any CPU.Build.0 = Release|Any CPU
		{85BD53F8-BA92-414B-A851-979A8B82301B}.Debug|Any CPU.ActiveCfg = Debug|Any CPU
		{85BD53F8-BA92-414B-A851-979A8B82301B}.Debug|Any CPU.Build.0 = Debug|Any CPU
		{85BD53F8-BA92-414B-A851-979A8B82301B}.Release|Any CPU.ActiveCfg = Release|Any CPU
		{85BD53F8-BA92-414B-A851-979A8B82301B}.Release|Any CPU.Build.0 = Release|Any CPU
		{877E4BDC-CD80-4BAC-A56B-B660AB782509}.Debug|Any CPU.ActiveCfg = Debug|Any CPU
		{877E4BDC-CD80-4BAC-A56B-B660AB782509}.Debug|Any CPU.Build.0 = Debug|Any CPU
		{877E4BDC-CD80-4BAC-A56B-B660AB782509}.Release|Any CPU.ActiveCfg = Release|Any CPU
		{877E4BDC-CD80-4BAC-A56B-B660AB782509}.Release|Any CPU.Build.0 = Release|Any CPU
		{DA3AB006-A47C-4482-9C03-35F49CB4508E}.Debug|Any CPU.ActiveCfg = Debug|Any CPU
		{DA3AB006-A47C-4482-9C03-35F49CB4508E}.Debug|Any CPU.Build.0 = Debug|Any CPU
		{DA3AB006-A47C-4482-9C03-35F49CB4508E}.Release|Any CPU.ActiveCfg = Release|Any CPU
		{DA3AB006-A47C-4482-9C03-35F49CB4508E}.Release|Any CPU.Build.0 = Release|Any CPU
		{515A551E-0522-4E7A-9779-DC09B24FB142}.Debug|Any CPU.ActiveCfg = Debug|Any CPU
		{515A551E-0522-4E7A-9779-DC09B24FB142}.Debug|Any CPU.Build.0 = Debug|Any CPU
		{515A551E-0522-4E7A-9779-DC09B24FB142}.Release|Any CPU.ActiveCfg = Release|Any CPU
		{515A551E-0522-4E7A-9779-DC09B24FB142}.Release|Any CPU.Build.0 = Release|Any CPU
	EndGlobalSection
	GlobalSection(SolutionProperties) = preSolution
		HideSolutionNode = FALSE
	EndGlobalSection
	GlobalSection(NestedProjects) = preSolution
		{9A570541-DFB4-46C5-99F3-A1A814D28D54} = {5C4B440F-0D81-4859-B52E-0B38386D895B}
		{EC36F783-8FE5-4F1E-8BBA-45377F3595CA} = {5C4B440F-0D81-4859-B52E-0B38386D895B}
		{3815627F-298B-4D26-A93D-9222F5B2B596} = {5C4B440F-0D81-4859-B52E-0B38386D895B}
		{A23A8E04-109A-468C-A2D3-77C779BC1A8B} = {5C4B440F-0D81-4859-B52E-0B38386D895B}
		{61DD057E-045F-4A47-A1D4-A0B993AE8BA4} = {075244CB-3D1C-4E7B-AB2A-1AB3EEBB55CD}
		{0B0E0A6D-3EAB-4254-8653-1E97FE87DA2A} = {075244CB-3D1C-4E7B-AB2A-1AB3EEBB55CD}
		{27BACF45-2E4E-4C8A-93AF-BDE477AC9327} = {075244CB-3D1C-4E7B-AB2A-1AB3EEBB55CD}
		{2460B706-56C6-4F43-8922-DE8DE382F454} = {075244CB-3D1C-4E7B-AB2A-1AB3EEBB55CD}
		{92051B1F-7A58-474C-8D07-0CBD1ADB4E77} = {8A58421D-A873-4F03-AA88-4128F3FD0533}
		{374F8BFF-3F72-4C14-A8EE-FCD7C3BEFB55} = {8A58421D-A873-4F03-AA88-4128F3FD0533}
		{90635940-A449-42AC-9476-6E14DA989CB9} = {8A58421D-A873-4F03-AA88-4128F3FD0533}
		{AEA7D5D8-C8C4-41CC-A182-19C86986F986} = {8A58421D-A873-4F03-AA88-4128F3FD0533}
		{8364EDC8-9243-457E-BF2F-96DBB03F3203} = {56583EEF-146C-48A9-9E8A-2F3B615DD7DA}
		{8A187A67-4EFD-490E-9945-D6FB8F3611A0} = {56583EEF-146C-48A9-9E8A-2F3B615DD7DA}
		{032E74AA-79B6-4B14-808D-B32A2AECB448} = {56583EEF-146C-48A9-9E8A-2F3B615DD7DA}
		{ACAF8435-02E2-4435-B092-6927F8D9D5AA} = {56583EEF-146C-48A9-9E8A-2F3B615DD7DA}
		{85BD53F8-BA92-414B-A851-979A8B82301B} = {17EC5C08-5BA9-4C6F-B89C-C00F05A7C12E}
		{877E4BDC-CD80-4BAC-A56B-B660AB782509} = {17EC5C08-5BA9-4C6F-B89C-C00F05A7C12E}
		{DA3AB006-A47C-4482-9C03-35F49CB4508E} = {17EC5C08-5BA9-4C6F-B89C-C00F05A7C12E}
		{515A551E-0522-4E7A-9779-DC09B24FB142} = {17EC5C08-5BA9-4C6F-B89C-C00F05A7C12E}
	EndGlobalSection
	GlobalSection(ExtensibilityGlobals) = postSolution
		SolutionGuid = {3F310286-BD9E-4993-8A65-02444A7A06E9}
	EndGlobalSection
EndGlobal
